
Microsoft Visual Studio Solution File, Format Version 12.00
# Visual Studio Version 16
VisualStudioVersion = 16.0.30320.27
MinimumVisualStudioVersion = 10.0.40219.1
Project("{9A19103F-16F7-4668-BE54-9A1E7A4F7556}") = "ProjFinalCinelAir.CommonCore", "ProjFinalCinelAir.CommonCore\ProjFinalCinelAir.CommonCore.csproj", "{9100B27E-A18E-40F2-B485-173CEC363891}"
EndProject
Project("{9A19103F-16F7-4668-BE54-9A1E7A4F7556}") = "ProjFinalCinelAirClient", "ProjFinalCinelAirClient\ProjFinalCinelAirClient.csproj", "{092B839A-443E-4E4D-AF9C-8A884A0F771E}"
EndProject
Project("{9A19103F-16F7-4668-BE54-9A1E7A4F7556}") = "ProjFinalCinelAirAdmin", "ProjFinalCinelAirAdmin\ProjFinalCinelAirAdmin.csproj", "{A1820A29-5EA5-44BF-92FB-E36A7C0878F0}"
EndProject
Project("{9A19103F-16F7-4668-BE54-9A1E7A4F7556}") = "ProjFinalCinelAirAPI", "ProjFinalCinelAirAPI\ProjFinalCinelAirAPI.csproj", "{7788F69F-F319-41A9-9368-67BA2FB4CDC8}"
EndProject
Project("{9A19103F-16F7-4668-BE54-9A1E7A4F7556}") = "ProjFinalCinelAir.Prism", "ProjFinalCinelAir.Prism\ProjFinalCinelAir.Prism\ProjFinalCinelAir.Prism.csproj", "{824BABEC-68E6-4D32-9CFF-717344A7F106}"
EndProject
Project("{FAE04EC0-301F-11D3-BF4B-00C04F79EFBC}") = "ProjFinalCinelAir.Prism.Android", "ProjFinalCinelAir.Prism\ProjFinalCinelAir.Prism.Android\ProjFinalCinelAir.Prism.Android.csproj", "{F6770350-69BD-4097-8DCE-C88136AA9643}"
EndProject
Project("{FAE04EC0-301F-11D3-BF4B-00C04F79EFBC}") = "ProjFinalCinelAir.Prism.iOS", "ProjFinalCinelAir.Prism\ProjFinalCinelAir.Prism.iOS\ProjFinalCinelAir.Prism.iOS.csproj", "{5602DBBD-BB71-4CF1-9AB1-0DD63E0A5BE4}"
EndProject
Global
	GlobalSection(SolutionConfigurationPlatforms) = preSolution
		Ad-Hoc|Any CPU = Ad-Hoc|Any CPU
		Ad-Hoc|iPhone = Ad-Hoc|iPhone
		Ad-Hoc|iPhoneSimulator = Ad-Hoc|iPhoneSimulator
		AppStore|Any CPU = AppStore|Any CPU
		AppStore|iPhone = AppStore|iPhone
		AppStore|iPhoneSimulator = AppStore|iPhoneSimulator
		Debug|Any CPU = Debug|Any CPU
		Debug|iPhone = Debug|iPhone
		Debug|iPhoneSimulator = Debug|iPhoneSimulator
		Release|Any CPU = Release|Any CPU
		Release|iPhone = Release|iPhone
		Release|iPhoneSimulator = Release|iPhoneSimulator
	EndGlobalSection
	GlobalSection(ProjectConfigurationPlatforms) = postSolution
		{9100B27E-A18E-40F2-B485-173CEC363891}.Ad-Hoc|Any CPU.ActiveCfg = Release|Any CPU
		{9100B27E-A18E-40F2-B485-173CEC363891}.Ad-Hoc|Any CPU.Build.0 = Release|Any CPU
		{9100B27E-A18E-40F2-B485-173CEC363891}.Ad-Hoc|iPhone.ActiveCfg = Release|Any CPU
		{9100B27E-A18E-40F2-B485-173CEC363891}.Ad-Hoc|iPhone.Build.0 = Release|Any CPU
		{9100B27E-A18E-40F2-B485-173CEC363891}.Ad-Hoc|iPhoneSimulator.ActiveCfg = Release|Any CPU
		{9100B27E-A18E-40F2-B485-173CEC363891}.Ad-Hoc|iPhoneSimulator.Build.0 = Release|Any CPU
		{9100B27E-A18E-40F2-B485-173CEC363891}.AppStore|Any CPU.ActiveCfg = Release|Any CPU
		{9100B27E-A18E-40F2-B485-173CEC363891}.AppStore|Any CPU.Build.0 = Release|Any CPU
		{9100B27E-A18E-40F2-B485-173CEC363891}.AppStore|iPhone.ActiveCfg = Release|Any CPU
		{9100B27E-A18E-40F2-B485-173CEC363891}.AppStore|iPhone.Build.0 = Release|Any CPU
		{9100B27E-A18E-40F2-B485-173CEC363891}.AppStore|iPhoneSimulator.ActiveCfg = Release|Any CPU
		{9100B27E-A18E-40F2-B485-173CEC363891}.AppStore|iPhoneSimulator.Build.0 = Release|Any CPU
		{9100B27E-A18E-40F2-B485-173CEC363891}.Debug|Any CPU.ActiveCfg = Debug|Any CPU
		{9100B27E-A18E-40F2-B485-173CEC363891}.Debug|Any CPU.Build.0 = Debug|Any CPU
		{9100B27E-A18E-40F2-B485-173CEC363891}.Debug|iPhone.ActiveCfg = Debug|Any CPU
		{9100B27E-A18E-40F2-B485-173CEC363891}.Debug|iPhone.Build.0 = Debug|Any CPU
		{9100B27E-A18E-40F2-B485-173CEC363891}.Debug|iPhoneSimulator.ActiveCfg = Debug|Any CPU
		{9100B27E-A18E-40F2-B485-173CEC363891}.Debug|iPhoneSimulator.Build.0 = Debug|Any CPU
		{9100B27E-A18E-40F2-B485-173CEC363891}.Release|Any CPU.ActiveCfg = Release|Any CPU
		{9100B27E-A18E-40F2-B485-173CEC363891}.Release|Any CPU.Build.0 = Release|Any CPU
		{9100B27E-A18E-40F2-B485-173CEC363891}.Release|iPhone.ActiveCfg = Release|Any CPU
		{9100B27E-A18E-40F2-B485-173CEC363891}.Release|iPhone.Build.0 = Release|Any CPU
		{9100B27E-A18E-40F2-B485-173CEC363891}.Release|iPhoneSimulator.ActiveCfg = Release|Any CPU
		{9100B27E-A18E-40F2-B485-173CEC363891}.Release|iPhoneSimulator.Build.0 = Release|Any CPU
		{092B839A-443E-4E4D-AF9C-8A884A0F771E}.Ad-Hoc|Any CPU.ActiveCfg = Release|Any CPU
		{092B839A-443E-4E4D-AF9C-8A884A0F771E}.Ad-Hoc|Any CPU.Build.0 = Release|Any CPU
		{092B839A-443E-4E4D-AF9C-8A884A0F771E}.Ad-Hoc|iPhone.ActiveCfg = Release|Any CPU
		{092B839A-443E-4E4D-AF9C-8A884A0F771E}.Ad-Hoc|iPhone.Build.0 = Release|Any CPU
		{092B839A-443E-4E4D-AF9C-8A884A0F771E}.Ad-Hoc|iPhoneSimulator.ActiveCfg = Release|Any CPU
		{092B839A-443E-4E4D-AF9C-8A884A0F771E}.Ad-Hoc|iPhoneSimulator.Build.0 = Release|Any CPU
		{092B839A-443E-4E4D-AF9C-8A884A0F771E}.AppStore|Any CPU.ActiveCfg = Release|Any CPU
		{092B839A-443E-4E4D-AF9C-8A884A0F771E}.AppStore|Any CPU.Build.0 = Release|Any CPU
		{092B839A-443E-4E4D-AF9C-8A884A0F771E}.AppStore|iPhone.ActiveCfg = Release|Any CPU
		{092B839A-443E-4E4D-AF9C-8A884A0F771E}.AppStore|iPhone.Build.0 = Release|Any CPU
		{092B839A-443E-4E4D-AF9C-8A884A0F771E}.AppStore|iPhoneSimulator.ActiveCfg = Release|Any CPU
		{092B839A-443E-4E4D-AF9C-8A884A0F771E}.AppStore|iPhoneSimulator.Build.0 = Release|Any CPU
		{092B839A-443E-4E4D-AF9C-8A884A0F771E}.Debug|Any CPU.ActiveCfg = Debug|Any CPU
		{092B839A-443E-4E4D-AF9C-8A884A0F771E}.Debug|Any CPU.Build.0 = Debug|Any CPU
		{092B839A-443E-4E4D-AF9C-8A884A0F771E}.Debug|iPhone.ActiveCfg = Debug|Any CPU
		{092B839A-443E-4E4D-AF9C-8A884A0F771E}.Debug|iPhone.Build.0 = Debug|Any CPU
		{092B839A-443E-4E4D-AF9C-8A884A0F771E}.Debug|iPhoneSimulator.ActiveCfg = Debug|Any CPU
		{092B839A-443E-4E4D-AF9C-8A884A0F771E}.Debug|iPhoneSimulator.Build.0 = Debug|Any CPU
		{092B839A-443E-4E4D-AF9C-8A884A0F771E}.Release|Any CPU.ActiveCfg = Release|Any CPU
		{092B839A-443E-4E4D-AF9C-8A884A0F771E}.Release|Any CPU.Build.0 = Release|Any CPU
		{092B839A-443E-4E4D-AF9C-8A884A0F771E}.Release|iPhone.ActiveCfg = Release|Any CPU
		{092B839A-443E-4E4D-AF9C-8A884A0F771E}.Release|iPhone.Build.0 = Release|Any CPU
		{092B839A-443E-4E4D-AF9C-8A884A0F771E}.Release|iPhoneSimulator.ActiveCfg = Release|Any CPU
		{092B839A-443E-4E4D-AF9C-8A884A0F771E}.Release|iPhoneSimulator.Build.0 = Release|Any CPU
		{A1820A29-5EA5-44BF-92FB-E36A7C0878F0}.Ad-Hoc|Any CPU.ActiveCfg = Release|Any CPU
		{A1820A29-5EA5-44BF-92FB-E36A7C0878F0}.Ad-Hoc|Any CPU.Build.0 = Release|Any CPU
		{A1820A29-5EA5-44BF-92FB-E36A7C0878F0}.Ad-Hoc|iPhone.ActiveCfg = Release|Any CPU
		{A1820A29-5EA5-44BF-92FB-E36A7C0878F0}.Ad-Hoc|iPhone.Build.0 = Release|Any CPU
		{A1820A29-5EA5-44BF-92FB-E36A7C0878F0}.Ad-Hoc|iPhoneSimulator.ActiveCfg = Release|Any CPU
		{A1820A29-5EA5-44BF-92FB-E36A7C0878F0}.Ad-Hoc|iPhoneSimulator.Build.0 = Release|Any CPU
		{A1820A29-5EA5-44BF-92FB-E36A7C0878F0}.AppStore|Any CPU.ActiveCfg = Release|Any CPU
		{A1820A29-5EA5-44BF-92FB-E36A7C0878F0}.AppStore|Any CPU.Build.0 = Release|Any CPU
		{A1820A29-5EA5-44BF-92FB-E36A7C0878F0}.AppStore|iPhone.ActiveCfg = Release|Any CPU
		{A1820A29-5EA5-44BF-92FB-E36A7C0878F0}.AppStore|iPhone.Build.0 = Release|Any CPU
		{A1820A29-5EA5-44BF-92FB-E36A7C0878F0}.AppStore|iPhoneSimulator.ActiveCfg = Release|Any CPU
		{A1820A29-5EA5-44BF-92FB-E36A7C0878F0}.AppStore|iPhoneSimulator.Build.0 = Release|Any CPU
		{A1820A29-5EA5-44BF-92FB-E36A7C0878F0}.Debug|Any CPU.ActiveCfg = Debug|Any CPU
		{A1820A29-5EA5-44BF-92FB-E36A7C0878F0}.Debug|Any CPU.Build.0 = Debug|Any CPU
		{A1820A29-5EA5-44BF-92FB-E36A7C0878F0}.Debug|iPhone.ActiveCfg = Debug|Any CPU
		{A1820A29-5EA5-44BF-92FB-E36A7C0878F0}.Debug|iPhone.Build.0 = Debug|Any CPU
		{A1820A29-5EA5-44BF-92FB-E36A7C0878F0}.Debug|iPhoneSimulator.ActiveCfg = Debug|Any CPU
		{A1820A29-5EA5-44BF-92FB-E36A7C0878F0}.Debug|iPhoneSimulator.Build.0 = Debug|Any CPU
		{A1820A29-5EA5-44BF-92FB-E36A7C0878F0}.Release|Any CPU.ActiveCfg = Release|Any CPU
		{A1820A29-5EA5-44BF-92FB-E36A7C0878F0}.Release|Any CPU.Build.0 = Release|Any CPU
		{A1820A29-5EA5-44BF-92FB-E36A7C0878F0}.Release|iPhone.ActiveCfg = Release|Any CPU
		{A1820A29-5EA5-44BF-92FB-E36A7C0878F0}.Release|iPhone.Build.0 = Release|Any CPU
		{A1820A29-5EA5-44BF-92FB-E36A7C0878F0}.Release|iPhoneSimulator.ActiveCfg = Release|Any CPU
		{A1820A29-5EA5-44BF-92FB-E36A7C0878F0}.Release|iPhoneSimulator.Build.0 = Release|Any CPU
		{7788F69F-F319-41A9-9368-67BA2FB4CDC8}.Ad-Hoc|Any CPU.ActiveCfg = Release|Any CPU
		{7788F69F-F319-41A9-9368-67BA2FB4CDC8}.Ad-Hoc|Any CPU.Build.0 = Release|Any CPU
		{7788F69F-F319-41A9-9368-67BA2FB4CDC8}.Ad-Hoc|iPhone.ActiveCfg = Release|Any CPU
		{7788F69F-F319-41A9-9368-67BA2FB4CDC8}.Ad-Hoc|iPhone.Build.0 = Release|Any CPU
		{7788F69F-F319-41A9-9368-67BA2FB4CDC8}.Ad-Hoc|iPhoneSimulator.ActiveCfg = Release|Any CPU
		{7788F69F-F319-41A9-9368-67BA2FB4CDC8}.Ad-Hoc|iPhoneSimulator.Build.0 = Release|Any CPU
		{7788F69F-F319-41A9-9368-67BA2FB4CDC8}.AppStore|Any CPU.ActiveCfg = Release|Any CPU
		{7788F69F-F319-41A9-9368-67BA2FB4CDC8}.AppStore|Any CPU.Build.0 = Release|Any CPU
		{7788F69F-F319-41A9-9368-67BA2FB4CDC8}.AppStore|iPhone.ActiveCfg = Release|Any CPU
		{7788F69F-F319-41A9-9368-67BA2FB4CDC8}.AppStore|iPhone.Build.0 = Release|Any CPU
		{7788F69F-F319-41A9-9368-67BA2FB4CDC8}.AppStore|iPhoneSimulator.ActiveCfg = Release|Any CPU
		{7788F69F-F319-41A9-9368-67BA2FB4CDC8}.AppStore|iPhoneSimulator.Build.0 = Release|Any CPU
		{7788F69F-F319-41A9-9368-67BA2FB4CDC8}.Debug|Any CPU.ActiveCfg = Debug|Any CPU
		{7788F69F-F319-41A9-9368-67BA2FB4CDC8}.Debug|Any CPU.Build.0 = Debug|Any CPU
		{7788F69F-F319-41A9-9368-67BA2FB4CDC8}.Debug|iPhone.ActiveCfg = Debug|Any CPU
		{7788F69F-F319-41A9-9368-67BA2FB4CDC8}.Debug|iPhone.Build.0 = Debug|Any CPU
		{7788F69F-F319-41A9-9368-67BA2FB4CDC8}.Debug|iPhoneSimulator.ActiveCfg = Debug|Any CPU
		{7788F69F-F319-41A9-9368-67BA2FB4CDC8}.Debug|iPhoneSimulator.Build.0 = Debug|Any CPU
		{7788F69F-F319-41A9-9368-67BA2FB4CDC8}.Release|Any CPU.ActiveCfg = Release|Any CPU
		{7788F69F-F319-41A9-9368-67BA2FB4CDC8}.Release|Any CPU.Build.0 = Release|Any CPU
		{7788F69F-F319-41A9-9368-67BA2FB4CDC8}.Release|iPhone.ActiveCfg = Release|Any CPU
		{7788F69F-F319-41A9-9368-67BA2FB4CDC8}.Release|iPhone.Build.0 = Release|Any CPU
		{7788F69F-F319-41A9-9368-67BA2FB4CDC8}.Release|iPhoneSimulator.ActiveCfg = Release|Any CPU
		{7788F69F-F319-41A9-9368-67BA2FB4CDC8}.Release|iPhoneSimulator.Build.0 = Release|Any CPU
		{824BABEC-68E6-4D32-9CFF-717344A7F106}.Ad-Hoc|Any CPU.ActiveCfg = Debug|Any CPU
		{824BABEC-68E6-4D32-9CFF-717344A7F106}.Ad-Hoc|Any CPU.Build.0 = Debug|Any CPU
		{824BABEC-68E6-4D32-9CFF-717344A7F106}.Ad-Hoc|iPhone.ActiveCfg = Debug|Any CPU
		{824BABEC-68E6-4D32-9CFF-717344A7F106}.Ad-Hoc|iPhone.Build.0 = Debug|Any CPU
		{824BABEC-68E6-4D32-9CFF-717344A7F106}.Ad-Hoc|iPhoneSimulator.ActiveCfg = Debug|Any CPU
		{824BABEC-68E6-4D32-9CFF-717344A7F106}.Ad-Hoc|iPhoneSimulator.Build.0 = Debug|Any CPU
		{824BABEC-68E6-4D32-9CFF-717344A7F106}.AppStore|Any CPU.ActiveCfg = Debug|Any CPU
		{824BABEC-68E6-4D32-9CFF-717344A7F106}.AppStore|Any CPU.Build.0 = Debug|Any CPU
		{824BABEC-68E6-4D32-9CFF-717344A7F106}.AppStore|iPhone.ActiveCfg = Debug|Any CPU
		{824BABEC-68E6-4D32-9CFF-717344A7F106}.AppStore|iPhone.Build.0 = Debug|Any CPU
		{824BABEC-68E6-4D32-9CFF-717344A7F106}.AppStore|iPhoneSimulator.ActiveCfg = Debug|Any CPU
		{824BABEC-68E6-4D32-9CFF-717344A7F106}.AppStore|iPhoneSimulator.Build.0 = Debug|Any CPU
		{824BABEC-68E6-4D32-9CFF-717344A7F106}.Debug|Any CPU.ActiveCfg = Debug|Any CPU
		{824BABEC-68E6-4D32-9CFF-717344A7F106}.Debug|Any CPU.Build.0 = Debug|Any CPU
		{824BABEC-68E6-4D32-9CFF-717344A7F106}.Debug|iPhone.ActiveCfg = Debug|Any CPU
		{824BABEC-68E6-4D32-9CFF-717344A7F106}.Debug|iPhone.Build.0 = Debug|Any CPU
		{824BABEC-68E6-4D32-9CFF-717344A7F106}.Debug|iPhoneSimulator.ActiveCfg = Debug|Any CPU
		{824BABEC-68E6-4D32-9CFF-717344A7F106}.Debug|iPhoneSimulator.Build.0 = Debug|Any CPU
		{824BABEC-68E6-4D32-9CFF-717344A7F106}.Release|Any CPU.ActiveCfg = Release|Any CPU
		{824BABEC-68E6-4D32-9CFF-717344A7F106}.Release|Any CPU.Build.0 = Release|Any CPU
		{824BABEC-68E6-4D32-9CFF-717344A7F106}.Release|iPhone.ActiveCfg = Release|Any CPU
		{824BABEC-68E6-4D32-9CFF-717344A7F106}.Release|iPhone.Build.0 = Release|Any CPU
		{824BABEC-68E6-4D32-9CFF-717344A7F106}.Release|iPhoneSimulator.ActiveCfg = Release|Any CPU
		{824BABEC-68E6-4D32-9CFF-717344A7F106}.Release|iPhoneSimulator.Build.0 = Release|Any CPU
		{F6770350-69BD-4097-8DCE-C88136AA9643}.Ad-Hoc|Any CPU.ActiveCfg = Release|Any CPU
		{F6770350-69BD-4097-8DCE-C88136AA9643}.Ad-Hoc|Any CPU.Build.0 = Release|Any CPU
		{F6770350-69BD-4097-8DCE-C88136AA9643}.Ad-Hoc|Any CPU.Deploy.0 = Release|Any CPU
		{F6770350-69BD-4097-8DCE-C88136AA9643}.Ad-Hoc|iPhone.ActiveCfg = Release|Any CPU
		{F6770350-69BD-4097-8DCE-C88136AA9643}.Ad-Hoc|iPhone.Build.0 = Release|Any CPU
		{F6770350-69BD-4097-8DCE-C88136AA9643}.Ad-Hoc|iPhone.Deploy.0 = Release|Any CPU
		{F6770350-69BD-4097-8DCE-C88136AA9643}.Ad-Hoc|iPhoneSimulator.ActiveCfg = Release|Any CPU
		{F6770350-69BD-4097-8DCE-C88136AA9643}.Ad-Hoc|iPhoneSimulator.Build.0 = Release|Any CPU
		{F6770350-69BD-4097-8DCE-C88136AA9643}.Ad-Hoc|iPhoneSimulator.Deploy.0 = Release|Any CPU
		{F6770350-69BD-4097-8DCE-C88136AA9643}.AppStore|Any CPU.ActiveCfg = Release|Any CPU
		{F6770350-69BD-4097-8DCE-C88136AA9643}.AppStore|Any CPU.Build.0 = Release|Any CPU
		{F6770350-69BD-4097-8DCE-C88136AA9643}.AppStore|Any CPU.Deploy.0 = Release|Any CPU
		{F6770350-69BD-4097-8DCE-C88136AA9643}.AppStore|iPhone.ActiveCfg = Release|Any CPU
		{F6770350-69BD-4097-8DCE-C88136AA9643}.AppStore|iPhone.Build.0 = Release|Any CPU
		{F6770350-69BD-4097-8DCE-C88136AA9643}.AppStore|iPhone.Deploy.0 = Release|Any CPU
		{F6770350-69BD-4097-8DCE-C88136AA9643}.AppStore|iPhoneSimulator.ActiveCfg = Release|Any CPU
		{F6770350-69BD-4097-8DCE-C88136AA9643}.AppStore|iPhoneSimulator.Build.0 = Release|Any CPU
		{F6770350-69BD-4097-8DCE-C88136AA9643}.AppStore|iPhoneSimulator.Deploy.0 = Release|Any CPU
		{F6770350-69BD-4097-8DCE-C88136AA9643}.Debug|Any CPU.ActiveCfg = Debug|Any CPU
		{F6770350-69BD-4097-8DCE-C88136AA9643}.Debug|Any CPU.Build.0 = Debug|Any CPU
		{F6770350-69BD-4097-8DCE-C88136AA9643}.Debug|Any CPU.Deploy.0 = Debug|Any CPU
		{F6770350-69BD-4097-8DCE-C88136AA9643}.Debug|iPhone.ActiveCfg = Debug|Any CPU
		{F6770350-69BD-4097-8DCE-C88136AA9643}.Debug|iPhone.Build.0 = Debug|Any CPU
		{F6770350-69BD-4097-8DCE-C88136AA9643}.Debug|iPhone.Deploy.0 = Debug|Any CPU
		{F6770350-69BD-4097-8DCE-C88136AA9643}.Debug|iPhoneSimulator.ActiveCfg = Debug|Any CPU
		{F6770350-69BD-4097-8DCE-C88136AA9643}.Debug|iPhoneSimulator.Build.0 = Debug|Any CPU
		{F6770350-69BD-4097-8DCE-C88136AA9643}.Debug|iPhoneSimulator.Deploy.0 = Debug|Any CPU
		{F6770350-69BD-4097-8DCE-C88136AA9643}.Release|Any CPU.ActiveCfg = Release|Any CPU
		{F6770350-69BD-4097-8DCE-C88136AA9643}.Release|Any CPU.Build.0 = Release|Any CPU
		{F6770350-69BD-4097-8DCE-C88136AA9643}.Release|Any CPU.Deploy.0 = Release|Any CPU
		{F6770350-69BD-4097-8DCE-C88136AA9643}.Release|iPhone.ActiveCfg = Release|Any CPU
		{F6770350-69BD-4097-8DCE-C88136AA9643}.Release|iPhone.Build.0 = Release|Any CPU
		{F6770350-69BD-4097-8DCE-C88136AA9643}.Release|iPhone.Deploy.0 = Release|Any CPU
		{F6770350-69BD-4097-8DCE-C88136AA9643}.Release|iPhoneSimulator.ActiveCfg = Release|Any CPU
		{F6770350-69BD-4097-8DCE-C88136AA9643}.Release|iPhoneSimulator.Build.0 = Release|Any CPU
		{F6770350-69BD-4097-8DCE-C88136AA9643}.Release|iPhoneSimulator.Deploy.0 = Release|Any CPU
		{5602DBBD-BB71-4CF1-9AB1-0DD63E0A5BE4}.Ad-Hoc|Any CPU.ActiveCfg = Ad-Hoc|iPhone
		{5602DBBD-BB71-4CF1-9AB1-0DD63E0A5BE4}.Ad-Hoc|iPhone.ActiveCfg = Ad-Hoc|iPhone
		{5602DBBD-BB71-4CF1-9AB1-0DD63E0A5BE4}.Ad-Hoc|iPhone.Build.0 = Ad-Hoc|iPhone
		{5602DBBD-BB71-4CF1-9AB1-0DD63E0A5BE4}.Ad-Hoc|iPhoneSimulator.ActiveCfg = Ad-Hoc|iPhoneSimulator
		{5602DBBD-BB71-4CF1-9AB1-0DD63E0A5BE4}.Ad-Hoc|iPhoneSimulator.Build.0 = Ad-Hoc|iPhoneSimulator
		{5602DBBD-BB71-4CF1-9AB1-0DD63E0A5BE4}.AppStore|Any CPU.ActiveCfg = AppStore|iPhone
		{5602DBBD-BB71-4CF1-9AB1-0DD63E0A5BE4}.AppStore|iPhone.ActiveCfg = AppStore|iPhone
		{5602DBBD-BB71-4CF1-9AB1-0DD63E0A5BE4}.AppStore|iPhone.Build.0 = AppStore|iPhone
		{5602DBBD-BB71-4CF1-9AB1-0DD63E0A5BE4}.AppStore|iPhoneSimulator.ActiveCfg = AppStore|iPhoneSimulator
		{5602DBBD-BB71-4CF1-9AB1-0DD63E0A5BE4}.AppStore|iPhoneSimulator.Build.0 = AppStore|iPhoneSimulator
		{5602DBBD-BB71-4CF1-9AB1-0DD63E0A5BE4}.Debug|Any CPU.ActiveCfg = Debug|iPhone
		{5602DBBD-BB71-4CF1-9AB1-0DD63E0A5BE4}.Debug|iPhone.ActiveCfg = Debug|iPhone
		{5602DBBD-BB71-4CF1-9AB1-0DD63E0A5BE4}.Debug|iPhone.Build.0 = Debug|iPhone
		{5602DBBD-BB71-4CF1-9AB1-0DD63E0A5BE4}.Debug|iPhoneSimulator.ActiveCfg = Debug|iPhoneSimulator
		{5602DBBD-BB71-4CF1-9AB1-0DD63E0A5BE4}.Debug|iPhoneSimulator.Build.0 = Debug|iPhoneSimulator
		{5602DBBD-BB71-4CF1-9AB1-0DD63E0A5BE4}.Release|Any CPU.ActiveCfg = Release|iPhone
		{5602DBBD-BB71-4CF1-9AB1-0DD63E0A5BE4}.Release|iPhone.ActiveCfg = Release|iPhone
		{5602DBBD-BB71-4CF1-9AB1-0DD63E0A5BE4}.Release|iPhone.Build.0 = Release|iPhone
		{5602DBBD-BB71-4CF1-9AB1-0DD63E0A5BE4}.Release|iPhoneSimulator.ActiveCfg = Release|iPhoneSimulator
		{5602DBBD-BB71-4CF1-9AB1-0DD63E0A5BE4}.Release|iPhoneSimulator.Build.0 = Release|iPhoneSimulator
	EndGlobalSection
	GlobalSection(SolutionProperties) = preSolution
		HideSolutionNode = FALSE
	EndGlobalSection
	GlobalSection(ExtensibilityGlobals) = postSolution
		SolutionGuid = {6C7B258B-62F3-4414-954B-F853C1FEDE9F}
	EndGlobalSection
EndGlobal
